// !$*UTF8*$!
{
	archiveVersion = 1;
	classes = {
	};
	objectVersion = 46;
	objects = {

/* Begin PBXBuildFile section */
		0C0220A618A6450E00A965BD /* iAd.framework in Frameworks */ = {isa = PBXBuildFile; fileRef = 0C0220A518A6450E00A965BD /* iAd.framework */; };
		0C11B1C818B9E6EA00B531D5 /* settings.png in Resources */ = {isa = PBXBuildFile; fileRef = 0C11B1C718B9E6EA00B531D5 /* settings.png */; };
		0C274B1018B6282500D6E3C6 /* hp.png in Resources */ = {isa = PBXBuildFile; fileRef = 0C274B0F18B6282500D6E3C6 /* hp.png */; };
		0C32B4A318B610570009E851 /* fals_640_960.png in Resources */ = {isa = PBXBuildFile; fileRef = 0C32B4A118B610570009E851 /* fals_640_960.png */; };
		0C32B4A418B610570009E851 /* fals_640_1136.png in Resources */ = {isa = PBXBuildFile; fileRef = 0C32B4A218B610570009E851 /* fals_640_1136.png */; };
		0C39616718AE502D0016E5D2 /* start_line.jpg in Resources */ = {isa = PBXBuildFile; fileRef = 0C39616118AE502D0016E5D2 /* start_line.jpg */; };
		0C39616818AE502D0016E5D2 /* finish_line.jpg in Resources */ = {isa = PBXBuildFile; fileRef = 0C39616218AE502D0016E5D2 /* finish_line.jpg */; };
		0C39616918AE502D0016E5D2 /* bg.jpg in Resources */ = {isa = PBXBuildFile; fileRef = 0C39616318AE502D0016E5D2 /* bg.jpg */; };
		0C404C0918C2C9D400CC197E /* arriver2.jpeg in Resources */ = {isa = PBXBuildFile; fileRef = 0C404C0818C2C9D400CC197E /* arriver2.jpeg */; };
		0C404C0C18C2CB0B00CC197E /* arriver3.png in Resources */ = {isa = PBXBuildFile; fileRef = 0C404C0A18C2CB0B00CC197E /* arriver3.png */; };
		0C404C0D18C2CB0B00CC197E /* dep.png in Resources */ = {isa = PBXBuildFile; fileRef = 0C404C0B18C2CB0B00CC197E /* dep.png */; };
		0C435D8518C0967500AE58DE /* AudioToolbox.framework in Frameworks */ = {isa = PBXBuildFile; fileRef = 0C435D8418C0967500AE58DE /* AudioToolbox.framework */; };
		0C435D8718C09DF900AE58DE /* game_audio_loop.mp3 in Resources */ = {isa = PBXBuildFile; fileRef = 0C435D8618C09DF900AE58DE /* game_audio_loop.mp3 */; };
		0C435D8D18C0B2A600AE58DE /* SettingsViewController.m in Sources */ = {isa = PBXBuildFile; fileRef = 0C435D8C18C0B2A600AE58DE /* SettingsViewController.m */; };
		0C435D9018C0B30D00AE58DE /* HomeViewController.m in Sources */ = {isa = PBXBuildFile; fileRef = 0C435D8F18C0B30D00AE58DE /* HomeViewController.m */; };
		0C9CDDFC18B7545E009C4F76 /* fly-away.png in Resources */ = {isa = PBXBuildFile; fileRef = 0C9CDDFB18B7545E009C4F76 /* fly-away.png */; };
		0CA877F918C2BD2400CB6EBE /* fond.jpg in Resources */ = {isa = PBXBuildFile; fileRef = 0CA877F818C2BD2400CB6EBE /* fond.jpg */; };
		0CA877FB18C2C42100CB6EBE /* hero.png in Resources */ = {isa = PBXBuildFile; fileRef = 0CA877FA18C2C42100CB6EBE /* hero.png */; };
		0CA877FD18C2C43200CB6EBE /* virus.png in Resources */ = {isa = PBXBuildFile; fileRef = 0CA877FC18C2C43200CB6EBE /* virus.png */; };
		0CD26F8818B632910004352A /* fasound.mp3 in Resources */ = {isa = PBXBuildFile; fileRef = 0CD26F8718B632910004352A /* fasound.mp3 */; };
		0CD26F8C18B6335A0004352A /* fai-29.png in Resources */ = {isa = PBXBuildFile; fileRef = 0CD26F8918B6335A0004352A /* fai-29.png */; };
		0CD26F8D18B6335A0004352A /* faic-40.png in Resources */ = {isa = PBXBuildFile; fileRef = 0CD26F8A18B6335A0004352A /* faic-40.png */; };
		0CD26F8E18B6335A0004352A /* faic-60.png in Resources */ = {isa = PBXBuildFile; fileRef = 0CD26F8B18B6335A0004352A /* faic-60.png */; };
		0CFE6A5A18C0E0F800572077 /* speaker_off.png in Resources */ = {isa = PBXBuildFile; fileRef = 0CFE6A5818C0E0F800572077 /* speaker_off.png */; };
		0CFE6A5B18C0E0F800572077 /* speaker_on.png in Resources */ = {isa = PBXBuildFile; fileRef = 0CFE6A5918C0E0F800572077 /* speaker_on.png */; };
		F8B4AD0B1860A41400C30785 /* Foundation.framework in Frameworks */ = {isa = PBXBuildFile; fileRef = F8B4AD0A1860A41400C30785 /* Foundation.framework */; };
		F8B4AD0D1860A41400C30785 /* CoreGraphics.framework in Frameworks */ = {isa = PBXBuildFile; fileRef = F8B4AD0C1860A41400C30785 /* CoreGraphics.framework */; };
		F8B4AD0F1860A41400C30785 /* UIKit.framework in Frameworks */ = {isa = PBXBuildFile; fileRef = F8B4AD0E1860A41400C30785 /* UIKit.framework */; };
		F8B4AD151860A41400C30785 /* InfoPlist.strings in Resources */ = {isa = PBXBuildFile; fileRef = F8B4AD131860A41400C30785 /* InfoPlist.strings */; };
		F8B4AD171860A41400C30785 /* main.m in Sources */ = {isa = PBXBuildFile; fileRef = F8B4AD161860A41400C30785 /* main.m */; };
		F8B4AD1B1860A41400C30785 /* AppDelegate.m in Sources */ = {isa = PBXBuildFile; fileRef = F8B4AD1A1860A41400C30785 /* AppDelegate.m */; };
		F8B4AD1E1860A41400C30785 /* Main.storyboard in Resources */ = {isa = PBXBuildFile; fileRef = F8B4AD1C1860A41400C30785 /* Main.storyboard */; };
		F8B4AD231860A41400C30785 /* Images.xcassets in Resources */ = {isa = PBXBuildFile; fileRef = F8B4AD221860A41400C30785 /* Images.xcassets */; };
		F8B4AD2A1860A41400C30785 /* XCTest.framework in Frameworks */ = {isa = PBXBuildFile; fileRef = F8B4AD291860A41400C30785 /* XCTest.framework */; };
		F8B4AD2B1860A41400C30785 /* Foundation.framework in Frameworks */ = {isa = PBXBuildFile; fileRef = F8B4AD0A1860A41400C30785 /* Foundation.framework */; };
		F8B4AD2C1860A41400C30785 /* UIKit.framework in Frameworks */ = {isa = PBXBuildFile; fileRef = F8B4AD0E1860A41400C30785 /* UIKit.framework */; };
		F8B4AD341860A41400C30785 /* InfoPlist.strings in Resources */ = {isa = PBXBuildFile; fileRef = F8B4AD321860A41400C30785 /* InfoPlist.strings */; };
		F8B4AD361860A41400C30785 /* FlyAwayTests.m in Sources */ = {isa = PBXBuildFile; fileRef = F8B4AD351860A41400C30785 /* FlyAwayTests.m */; };
		F8B4AD531860A49500C30785 /* FlyAwayViewController.m in Sources */ = {isa = PBXBuildFile; fileRef = F8B4AD4C1860A49500C30785 /* FlyAwayViewController.m */; };
		F8B4AD541860A49500C30785 /* Hero.m in Sources */ = {isa = PBXBuildFile; fileRef = F8B4AD4E1860A49500C30785 /* Hero.m */; };
		F8B4AD551860A49500C30785 /* ObjetVisible.m in Sources */ = {isa = PBXBuildFile; fileRef = F8B4AD501860A49500C30785 /* ObjetVisible.m */; };
/* End PBXBuildFile section */

/* Begin PBXContainerItemProxy section */
		F8B4AD2D1860A41400C30785 /* PBXContainerItemProxy */ = {
			isa = PBXContainerItemProxy;
			containerPortal = F8B4ACFF1860A41400C30785 /* Project object */;
			proxyType = 1;
			remoteGlobalIDString = F8B4AD061860A41400C30785;
			remoteInfo = FlyAway;
		};
/* End PBXContainerItemProxy section */

/* Begin PBXFileReference section */
		0C0220A518A6450E00A965BD /* iAd.framework */ = {isa = PBXFileReference; lastKnownFileType = wrapper.framework; name = iAd.framework; path = System/Library/Frameworks/iAd.framework; sourceTree = SDKROOT; };
		0C11B1C718B9E6EA00B531D5 /* settings.png */ = {isa = PBXFileReference; lastKnownFileType = image.png; path = settings.png; sourceTree = "<group>"; };
		0C274B0F18B6282500D6E3C6 /* hp.png */ = {isa = PBXFileReference; lastKnownFileType = image.png; path = hp.png; sourceTree = "<group>"; };
		0C32B4A118B610570009E851 /* fals_640_960.png */ = {isa = PBXFileReference; lastKnownFileType = image.png; path = fals_640_960.png; sourceTree = "<group>"; };
		0C32B4A218B610570009E851 /* fals_640_1136.png */ = {isa = PBXFileReference; lastKnownFileType = image.png; path = fals_640_1136.png; sourceTree = "<group>"; };
		0C39616118AE502D0016E5D2 /* start_line.jpg */ = {isa = PBXFileReference; lastKnownFileType = image.jpeg; path = start_line.jpg; sourceTree = "<group>"; };
		0C39616218AE502D0016E5D2 /* finish_line.jpg */ = {isa = PBXFileReference; lastKnownFileType = image.jpeg; path = finish_line.jpg; sourceTree = "<group>"; };
		0C39616318AE502D0016E5D2 /* bg.jpg */ = {isa = PBXFileReference; lastKnownFileType = image.jpeg; path = bg.jpg; sourceTree = "<group>"; };
		0C404C0818C2C9D400CC197E /* arriver2.jpeg */ = {isa = PBXFileReference; lastKnownFileType = image.jpeg; path = arriver2.jpeg; sourceTree = "<group>"; };
		0C404C0A18C2CB0B00CC197E /* arriver3.png */ = {isa = PBXFileReference; lastKnownFileType = image.png; path = arriver3.png; sourceTree = "<group>"; };
		0C404C0B18C2CB0B00CC197E /* dep.png */ = {isa = PBXFileReference; lastKnownFileType = image.png; path = dep.png; sourceTree = "<group>"; };
		0C435D8418C0967500AE58DE /* AudioToolbox.framework */ = {isa = PBXFileReference; lastKnownFileType = wrapper.framework; name = AudioToolbox.framework; path = System/Library/Frameworks/AudioToolbox.framework; sourceTree = SDKROOT; };
		0C435D8618C09DF900AE58DE /* game_audio_loop.mp3 */ = {isa = PBXFileReference; lastKnownFileType = audio.mp3; path = game_audio_loop.mp3; sourceTree = "<group>"; };
		0C435D8B18C0B2A600AE58DE /* SettingsViewController.h */ = {isa = PBXFileReference; fileEncoding = 4; lastKnownFileType = sourcecode.c.h; path = SettingsViewController.h; sourceTree = "<group>"; };
		0C435D8C18C0B2A600AE58DE /* SettingsViewController.m */ = {isa = PBXFileReference; fileEncoding = 4; lastKnownFileType = sourcecode.c.objc; path = SettingsViewController.m; sourceTree = "<group>"; };
		0C435D8E18C0B30D00AE58DE /* HomeViewController.h */ = {isa = PBXFileReference; fileEncoding = 4; lastKnownFileType = sourcecode.c.h; path = HomeViewController.h; sourceTree = "<group>"; };
		0C435D8F18C0B30D00AE58DE /* HomeViewController.m */ = {isa = PBXFileReference; fileEncoding = 4; lastKnownFileType = sourcecode.c.objc; path = HomeViewController.m; sourceTree = "<group>"; };
		0C9CDDFB18B7545E009C4F76 /* fly-away.png */ = {isa = PBXFileReference; lastKnownFileType = image.png; path = "fly-away.png"; sourceTree = "<group>"; };
		0CA877F818C2BD2400CB6EBE /* fond.jpg */ = {isa = PBXFileReference; lastKnownFileType = image.jpeg; path = fond.jpg; sourceTree = "<group>"; };
		0CA877FA18C2C42100CB6EBE /* hero.png */ = {isa = PBXFileReference; lastKnownFileType = image.png; path = hero.png; sourceTree = "<group>"; };
		0CA877FC18C2C43200CB6EBE /* virus.png */ = {isa = PBXFileReference; lastKnownFileType = image.png; path = virus.png; sourceTree = "<group>"; };
		0CD26F8718B632910004352A /* fasound.mp3 */ = {isa = PBXFileReference; lastKnownFileType = audio.mp3; path = fasound.mp3; sourceTree = "<group>"; };
		0CD26F8918B6335A0004352A /* fai-29.png */ = {isa = PBXFileReference; lastKnownFileType = image.png; path = "fai-29.png"; sourceTree = "<group>"; };
		0CD26F8A18B6335A0004352A /* faic-40.png */ = {isa = PBXFileReference; lastKnownFileType = image.png; path = "faic-40.png"; sourceTree = "<group>"; };
		0CD26F8B18B6335A0004352A /* faic-60.png */ = {isa = PBXFileReference; lastKnownFileType = image.png; path = "faic-60.png"; sourceTree = "<group>"; };
		0CFE6A5818C0E0F800572077 /* speaker_off.png */ = {isa = PBXFileReference; lastKnownFileType = image.png; path = speaker_off.png; sourceTree = "<group>"; };
		0CFE6A5918C0E0F800572077 /* speaker_on.png */ = {isa = PBXFileReference; lastKnownFileType = image.png; path = speaker_on.png; sourceTree = "<group>"; };
		F8B4AD071860A41400C30785 /* FlyAway.app */ = {isa = PBXFileReference; explicitFileType = wrapper.application; includeInIndex = 0; path = FlyAway.app; sourceTree = BUILT_PRODUCTS_DIR; };
		F8B4AD0A1860A41400C30785 /* Foundation.framework */ = {isa = PBXFileReference; lastKnownFileType = wrapper.framework; name = Foundation.framework; path = System/Library/Frameworks/Foundation.framework; sourceTree = SDKROOT; };
		F8B4AD0C1860A41400C30785 /* CoreGraphics.framework */ = {isa = PBXFileReference; lastKnownFileType = wrapper.framework; name = CoreGraphics.framework; path = System/Library/Frameworks/CoreGraphics.framework; sourceTree = SDKROOT; };
		F8B4AD0E1860A41400C30785 /* UIKit.framework */ = {isa = PBXFileReference; lastKnownFileType = wrapper.framework; name = UIKit.framework; path = System/Library/Frameworks/UIKit.framework; sourceTree = SDKROOT; };
		F8B4AD121860A41400C30785 /* FlyAway-Info.plist */ = {isa = PBXFileReference; lastKnownFileType = text.plist.xml; path = "FlyAway-Info.plist"; sourceTree = "<group>"; };
		F8B4AD141860A41400C30785 /* en */ = {isa = PBXFileReference; lastKnownFileType = text.plist.strings; name = en; path = en.lproj/InfoPlist.strings; sourceTree = "<group>"; };
		F8B4AD161860A41400C30785 /* main.m */ = {isa = PBXFileReference; lastKnownFileType = sourcecode.c.objc; path = main.m; sourceTree = "<group>"; };
		F8B4AD181860A41400C30785 /* FlyAway-Prefix.pch */ = {isa = PBXFileReference; lastKnownFileType = sourcecode.c.h; path = "FlyAway-Prefix.pch"; sourceTree = "<group>"; };
		F8B4AD191860A41400C30785 /* AppDelegate.h */ = {isa = PBXFileReference; lastKnownFileType = sourcecode.c.h; path = AppDelegate.h; sourceTree = "<group>"; };
		F8B4AD1A1860A41400C30785 /* AppDelegate.m */ = {isa = PBXFileReference; lastKnownFileType = sourcecode.c.objc; path = AppDelegate.m; sourceTree = "<group>"; };
		F8B4AD1D1860A41400C30785 /* Base */ = {isa = PBXFileReference; lastKnownFileType = file.storyboard; name = Base; path = Base.lproj/Main.storyboard; sourceTree = "<group>"; };
		F8B4AD221860A41400C30785 /* Images.xcassets */ = {isa = PBXFileReference; lastKnownFileType = folder.assetcatalog; path = Images.xcassets; sourceTree = "<group>"; };
		F8B4AD281860A41400C30785 /* FlyAwayTests.xctest */ = {isa = PBXFileReference; explicitFileType = wrapper.cfbundle; includeInIndex = 0; path = FlyAwayTests.xctest; sourceTree = BUILT_PRODUCTS_DIR; };
		F8B4AD291860A41400C30785 /* XCTest.framework */ = {isa = PBXFileReference; lastKnownFileType = wrapper.framework; name = XCTest.framework; path = Library/Frameworks/XCTest.framework; sourceTree = DEVELOPER_DIR; };
		F8B4AD311860A41400C30785 /* FlyAwayTests-Info.plist */ = {isa = PBXFileReference; lastKnownFileType = text.plist.xml; path = "FlyAwayTests-Info.plist"; sourceTree = "<group>"; };
		F8B4AD331860A41400C30785 /* en */ = {isa = PBXFileReference; lastKnownFileType = text.plist.strings; name = en; path = en.lproj/InfoPlist.strings; sourceTree = "<group>"; };
		F8B4AD351860A41400C30785 /* FlyAwayTests.m */ = {isa = PBXFileReference; lastKnownFileType = sourcecode.c.objc; path = FlyAwayTests.m; sourceTree = "<group>"; };
		F8B4AD4A1860A49500C30785 /* Constantes.h */ = {isa = PBXFileReference; fileEncoding = 4; lastKnownFileType = sourcecode.c.h; path = Constantes.h; sourceTree = "<group>"; };
		F8B4AD4B1860A49500C30785 /* FlyAwayViewController.h */ = {isa = PBXFileReference; fileEncoding = 4; lastKnownFileType = sourcecode.c.h; path = FlyAwayViewController.h; sourceTree = "<group>"; };
		F8B4AD4C1860A49500C30785 /* FlyAwayViewController.m */ = {isa = PBXFileReference; fileEncoding = 4; lastKnownFileType = sourcecode.c.objc; path = FlyAwayViewController.m; sourceTree = "<group>"; };
		F8B4AD4D1860A49500C30785 /* Hero.h */ = {isa = PBXFileReference; fileEncoding = 4; lastKnownFileType = sourcecode.c.h; path = Hero.h; sourceTree = "<group>"; };
		F8B4AD4E1860A49500C30785 /* Hero.m */ = {isa = PBXFileReference; fileEncoding = 4; lastKnownFileType = sourcecode.c.objc; path = Hero.m; sourceTree = "<group>"; };
		F8B4AD4F1860A49500C30785 /* ObjetVisible.h */ = {isa = PBXFileReference; fileEncoding = 4; lastKnownFileType = sourcecode.c.h; path = ObjetVisible.h; sourceTree = "<group>"; };
		F8B4AD501860A49500C30785 /* ObjetVisible.m */ = {isa = PBXFileReference; fileEncoding = 4; lastKnownFileType = sourcecode.c.objc; path = ObjetVisible.m; sourceTree = "<group>"; };
		F8B4AD511860A49500C30785 /* Obstacle.h */ = {isa = PBXFileReference; fileEncoding = 4; lastKnownFileType = sourcecode.c.h; path = Obstacle.h; sourceTree = "<group>"; };
/* End PBXFileReference section */

/* Begin PBXFrameworksBuildPhase section */
		F8B4AD041860A41400C30785 /* Frameworks */ = {
			isa = PBXFrameworksBuildPhase;
			buildActionMask = 2147483647;
			files = (
				0C435D8518C0967500AE58DE /* AudioToolbox.framework in Frameworks */,
				0C0220A618A6450E00A965BD /* iAd.framework in Frameworks */,
				F8B4AD0D1860A41400C30785 /* CoreGraphics.framework in Frameworks */,
				F8B4AD0F1860A41400C30785 /* UIKit.framework in Frameworks */,
				F8B4AD0B1860A41400C30785 /* Foundation.framework in Frameworks */,
			);
			runOnlyForDeploymentPostprocessing = 0;
		};
		F8B4AD251860A41400C30785 /* Frameworks */ = {
			isa = PBXFrameworksBuildPhase;
			buildActionMask = 2147483647;
			files = (
				F8B4AD2A1860A41400C30785 /* XCTest.framework in Frameworks */,
				F8B4AD2C1860A41400C30785 /* UIKit.framework in Frameworks */,
				F8B4AD2B1860A41400C30785 /* Foundation.framework in Frameworks */,
			);
			runOnlyForDeploymentPostprocessing = 0;
		};
/* End PBXFrameworksBuildPhase section */

/* Begin PBXGroup section */
		0CD26F8618B6327A0004352A /* Audio */ = {
			isa = PBXGroup;
			children = (
				0C435D8618C09DF900AE58DE /* game_audio_loop.mp3 */,
				0CD26F8718B632910004352A /* fasound.mp3 */,
			);
			name = Audio;
			sourceTree = "<group>";
		};
		F8B4ACFE1860A41400C30785 = {
			isa = PBXGroup;
			children = (
				F8B4AD101860A41400C30785 /* FlyAway */,
				F8B4AD2F1860A41400C30785 /* FlyAwayTests */,
				F8B4AD091860A41400C30785 /* Frameworks */,
				F8B4AD081860A41400C30785 /* Products */,
			);
			sourceTree = "<group>";
		};
		F8B4AD081860A41400C30785 /* Products */ = {
			isa = PBXGroup;
			children = (
				F8B4AD071860A41400C30785 /* FlyAway.app */,
				F8B4AD281860A41400C30785 /* FlyAwayTests.xctest */,
			);
			name = Products;
			sourceTree = "<group>";
		};
		F8B4AD091860A41400C30785 /* Frameworks */ = {
			isa = PBXGroup;
			children = (
				0C435D8418C0967500AE58DE /* AudioToolbox.framework */,
				0C0220A518A6450E00A965BD /* iAd.framework */,
				F8B4AD0A1860A41400C30785 /* Foundation.framework */,
				F8B4AD0C1860A41400C30785 /* CoreGraphics.framework */,
				F8B4AD0E1860A41400C30785 /* UIKit.framework */,
				F8B4AD291860A41400C30785 /* XCTest.framework */,
			);
			name = Frameworks;
			sourceTree = "<group>";
		};
		F8B4AD101860A41400C30785 /* FlyAway */ = {
			isa = PBXGroup;
			children = (
				0CD26F8618B6327A0004352A /* Audio */,
				F8B4AD3F1860A44E00C30785 /* Images */,
				F8B4AD4A1860A49500C30785 /* Constantes.h */,
				F8B4AD4B1860A49500C30785 /* FlyAwayViewController.h */,
				F8B4AD4C1860A49500C30785 /* FlyAwayViewController.m */,
				F8B4AD4D1860A49500C30785 /* Hero.h */,
				F8B4AD4E1860A49500C30785 /* Hero.m */,
				F8B4AD4F1860A49500C30785 /* ObjetVisible.h */,
				F8B4AD501860A49500C30785 /* ObjetVisible.m */,
				F8B4AD511860A49500C30785 /* Obstacle.h */,
				F8B4AD191860A41400C30785 /* AppDelegate.h */,
				F8B4AD1A1860A41400C30785 /* AppDelegate.m */,
				F8B4AD1C1860A41400C30785 /* Main.storyboard */,
				F8B4AD221860A41400C30785 /* Images.xcassets */,
				F8B4AD111860A41400C30785 /* Supporting Files */,
				0C435D8B18C0B2A600AE58DE /* SettingsViewController.h */,
				0C435D8C18C0B2A600AE58DE /* SettingsViewController.m */,
				0C435D8E18C0B30D00AE58DE /* HomeViewController.h */,
				0C435D8F18C0B30D00AE58DE /* HomeViewController.m */,
			);
			path = FlyAway;
			sourceTree = "<group>";
		};
		F8B4AD111860A41400C30785 /* Supporting Files */ = {
			isa = PBXGroup;
			children = (
				F8B4AD121860A41400C30785 /* FlyAway-Info.plist */,
				F8B4AD131860A41400C30785 /* InfoPlist.strings */,
				F8B4AD161860A41400C30785 /* main.m */,
				F8B4AD181860A41400C30785 /* FlyAway-Prefix.pch */,
			);
			name = "Supporting Files";
			sourceTree = "<group>";
		};
		F8B4AD2F1860A41400C30785 /* FlyAwayTests */ = {
			isa = PBXGroup;
			children = (
				F8B4AD351860A41400C30785 /* FlyAwayTests.m */,
				F8B4AD301860A41400C30785 /* Supporting Files */,
			);
			path = FlyAwayTests;
			sourceTree = "<group>";
		};
		F8B4AD301860A41400C30785 /* Supporting Files */ = {
			isa = PBXGroup;
			children = (
				F8B4AD311860A41400C30785 /* FlyAwayTests-Info.plist */,
				F8B4AD321860A41400C30785 /* InfoPlist.strings */,
			);
			name = "Supporting Files";
			sourceTree = "<group>";
		};
		F8B4AD3F1860A44E00C30785 /* Images */ = {
			isa = PBXGroup;
			children = (
				0C404C0A18C2CB0B00CC197E /* arriver3.png */,
				0C404C0B18C2CB0B00CC197E /* dep.png */,
				0C404C0818C2C9D400CC197E /* arriver2.jpeg */,
				0CA877FC18C2C43200CB6EBE /* virus.png */,
				0CA877FA18C2C42100CB6EBE /* hero.png */,
				0CA877F818C2BD2400CB6EBE /* fond.jpg */,
				0CFE6A5818C0E0F800572077 /* speaker_off.png */,
				0CFE6A5918C0E0F800572077 /* speaker_on.png */,
				0C11B1C718B9E6EA00B531D5 /* settings.png */,
				0C9CDDFB18B7545E009C4F76 /* fly-away.png */,
				0CD26F8918B6335A0004352A /* fai-29.png */,
				0CD26F8A18B6335A0004352A /* faic-40.png */,
				0CD26F8B18B6335A0004352A /* faic-60.png */,
				0C274B0F18B6282500D6E3C6 /* hp.png */,
				0C32B4A118B610570009E851 /* fals_640_960.png */,
				0C32B4A218B610570009E851 /* fals_640_1136.png */,
				0C39616118AE502D0016E5D2 /* start_line.jpg */,
				0C39616218AE502D0016E5D2 /* finish_line.jpg */,
				0C39616318AE502D0016E5D2 /* bg.jpg */,
			);
			path = Images;
			sourceTree = "<group>";
		};
/* End PBXGroup section */

/* Begin PBXNativeTarget section */
		F8B4AD061860A41400C30785 /* FlyAway */ = {
			isa = PBXNativeTarget;
			buildConfigurationList = F8B4AD391860A41400C30785 /* Build configuration list for PBXNativeTarget "FlyAway" */;
			buildPhases = (
				F8B4AD031860A41400C30785 /* Sources */,
				F8B4AD041860A41400C30785 /* Frameworks */,
				F8B4AD051860A41400C30785 /* Resources */,
			);
			buildRules = (
			);
			dependencies = (
			);
			name = FlyAway;
			productName = FlyAway;
			productReference = F8B4AD071860A41400C30785 /* FlyAway.app */;
			productType = "com.apple.product-type.application";
		};
		F8B4AD271860A41400C30785 /* FlyAwayTests */ = {
			isa = PBXNativeTarget;
			buildConfigurationList = F8B4AD3C1860A41400C30785 /* Build configuration list for PBXNativeTarget "FlyAwayTests" */;
			buildPhases = (
				F8B4AD241860A41400C30785 /* Sources */,
				F8B4AD251860A41400C30785 /* Frameworks */,
				F8B4AD261860A41400C30785 /* Resources */,
			);
			buildRules = (
			);
			dependencies = (
				F8B4AD2E1860A41400C30785 /* PBXTargetDependency */,
			);
			name = FlyAwayTests;
			productName = FlyAwayTests;
			productReference = F8B4AD281860A41400C30785 /* FlyAwayTests.xctest */;
			productType = "com.apple.product-type.bundle.unit-test";
		};
/* End PBXNativeTarget section */

/* Begin PBXProject section */
		F8B4ACFF1860A41400C30785 /* Project object */ = {
			isa = PBXProject;
			attributes = {
				LastUpgradeCheck = 0500;
				ORGANIZATIONNAME = "Maxime Britto";
				TargetAttributes = {
					F8B4AD271860A41400C30785 = {
						TestTargetID = F8B4AD061860A41400C30785;
					};
				};
			};
			buildConfigurationList = F8B4AD021860A41400C30785 /* Build configuration list for PBXProject "FlyAway" */;
			compatibilityVersion = "Xcode 3.2";
			developmentRegion = English;
			hasScannedForEncodings = 0;
			knownRegions = (
				en,
				Base,
			);
			mainGroup = F8B4ACFE1860A41400C30785;
			productRefGroup = F8B4AD081860A41400C30785 /* Products */;
			projectDirPath = "";
			projectRoot = "";
			targets = (
				F8B4AD061860A41400C30785 /* FlyAway */,
				F8B4AD271860A41400C30785 /* FlyAwayTests */,
			);
		};
/* End PBXProject section */

/* Begin PBXResourcesBuildPhase section */
		F8B4AD051860A41400C30785 /* Resources */ = {
			isa = PBXResourcesBuildPhase;
			buildActionMask = 2147483647;
			files = (
				0CFE6A5A18C0E0F800572077 /* speaker_off.png in Resources */,
				0C39616718AE502D0016E5D2 /* start_line.jpg in Resources */,
				0CD26F8E18B6335A0004352A /* faic-60.png in Resources */,
				0C32B4A418B610570009E851 /* fals_640_1136.png in Resources */,
				0CA877FD18C2C43200CB6EBE /* virus.png in Resources */,
				0C39616918AE502D0016E5D2 /* bg.jpg in Resources */,
				0CA877F918C2BD2400CB6EBE /* fond.jpg in Resources */,
				0C11B1C818B9E6EA00B531D5 /* settings.png in Resources */,
				0C32B4A318B610570009E851 /* fals_640_960.png in Resources */,
				0C404C0C18C2CB0B00CC197E /* arriver3.png in Resources */,
				0CA877FB18C2C42100CB6EBE /* hero.png in Resources */,
				0C404C0D18C2CB0B00CC197E /* dep.png in Resources */,
				0C274B1018B6282500D6E3C6 /* hp.png in Resources */,
				0C435D8718C09DF900AE58DE /* game_audio_loop.mp3 in Resources */,
				0CD26F8C18B6335A0004352A /* fai-29.png in Resources */,
				0CFE6A5B18C0E0F800572077 /* speaker_on.png in Resources */,
				0CD26F8D18B6335A0004352A /* faic-40.png in Resources */,
				0CD26F8818B632910004352A /* fasound.mp3 in Resources */,
				F8B4AD231860A41400C30785 /* Images.xcassets in Resources */,
				F8B4AD151860A41400C30785 /* InfoPlist.strings in Resources */,
				0C9CDDFC18B7545E009C4F76 /* fly-away.png in Resources */,
				0C39616818AE502D0016E5D2 /* finish_line.jpg in Resources */,
				0C404C0918C2C9D400CC197E /* arriver2.jpeg in Resources */,
				F8B4AD1E1860A41400C30785 /* Main.storyboard in Resources */,
			);
			runOnlyForDeploymentPostprocessing = 0;
		};
		F8B4AD261860A41400C30785 /* Resources */ = {
			isa = PBXResourcesBuildPhase;
			buildActionMask = 2147483647;
			files = (
				F8B4AD341860A41400C30785 /* InfoPlist.strings in Resources */,
			);
			runOnlyForDeploymentPostprocessing = 0;
		};
/* End PBXResourcesBuildPhase section */

/* Begin PBXSourcesBuildPhase section */
		F8B4AD031860A41400C30785 /* Sources */ = {
			isa = PBXSourcesBuildPhase;
			buildActionMask = 2147483647;
			files = (
				F8B4AD541860A49500C30785 /* Hero.m in Sources */,
				F8B4AD1B1860A41400C30785 /* AppDelegate.m in Sources */,
				F8B4AD551860A49500C30785 /* ObjetVisible.m in Sources */,
				F8B4AD531860A49500C30785 /* FlyAwayViewController.m in Sources */,
				F8B4AD171860A41400C30785 /* main.m in Sources */,
				0C435D8D18C0B2A600AE58DE /* SettingsViewController.m in Sources */,
				0C435D9018C0B30D00AE58DE /* HomeViewController.m in Sources */,
			);
			runOnlyForDeploymentPostprocessing = 0;
		};
		F8B4AD241860A41400C30785 /* Sources */ = {
			isa = PBXSourcesBuildPhase;
			buildActionMask = 2147483647;
			files = (
				F8B4AD361860A41400C30785 /* FlyAwayTests.m in Sources */,
			);
			runOnlyForDeploymentPostprocessing = 0;
		};
/* End PBXSourcesBuildPhase section */

/* Begin PBXTargetDependency section */
		F8B4AD2E1860A41400C30785 /* PBXTargetDependency */ = {
			isa = PBXTargetDependency;
			target = F8B4AD061860A41400C30785 /* FlyAway */;
			targetProxy = F8B4AD2D1860A41400C30785 /* PBXContainerItemProxy */;
		};
/* End PBXTargetDependency section */

/* Begin PBXVariantGroup section */
		F8B4AD131860A41400C30785 /* InfoPlist.strings */ = {
			isa = PBXVariantGroup;
			children = (
				F8B4AD141860A41400C30785 /* en */,
			);
			name = InfoPlist.strings;
			sourceTree = "<group>";
		};
		F8B4AD1C1860A41400C30785 /* Main.storyboard */ = {
			isa = PBXVariantGroup;
			children = (
				F8B4AD1D1860A41400C30785 /* Base */,
			);
			name = Main.storyboard;
			sourceTree = "<group>";
		};
		F8B4AD321860A41400C30785 /* InfoPlist.strings */ = {
			isa = PBXVariantGroup;
			children = (
				F8B4AD331860A41400C30785 /* en */,
			);
			name = InfoPlist.strings;
			sourceTree = "<group>";
		};
/* End PBXVariantGroup section */

/* Begin XCBuildConfiguration section */
		F8B4AD371860A41400C30785 /* Debug */ = {
			isa = XCBuildConfiguration;
			buildSettings = {
				ALWAYS_SEARCH_USER_PATHS = NO;
				ARCHS = "$(ARCHS_STANDARD_INCLUDING_64_BIT)";
				CLANG_CXX_LANGUAGE_STANDARD = "gnu++0x";
				CLANG_CXX_LIBRARY = "libc++";
				CLANG_ENABLE_MODULES = YES;
				CLANG_ENABLE_OBJC_ARC = YES;
				CLANG_WARN_BOOL_CONVERSION = YES;
				CLANG_WARN_CONSTANT_CONVERSION = YES;
				CLANG_WARN_DIRECT_OBJC_ISA_USAGE = YES_ERROR;
				CLANG_WARN_EMPTY_BODY = YES;
				CLANG_WARN_ENUM_CONVERSION = YES;
				CLANG_WARN_INT_CONVERSION = YES;
				CLANG_WARN_OBJC_ROOT_CLASS = YES_ERROR;
				CLANG_WARN__DUPLICATE_METHOD_MATCH = YES;
				"CODE_SIGN_IDENTITY[sdk=iphoneos*]" = "iPhone Developer";
				COPY_PHASE_STRIP = NO;
				GCC_C_LANGUAGE_STANDARD = gnu99;
				GCC_DYNAMIC_NO_PIC = NO;
				GCC_OPTIMIZATION_LEVEL = 0;
				GCC_PREPROCESSOR_DEFINITIONS = (
					"DEBUG=1",
					"$(inherited)",
				);
				GCC_SYMBOLS_PRIVATE_EXTERN = NO;
				GCC_WARN_64_TO_32_BIT_CONVERSION = YES;
				GCC_WARN_ABOUT_RETURN_TYPE = YES_ERROR;
				GCC_WARN_UNDECLARED_SELECTOR = YES;
				GCC_WARN_UNINITIALIZED_AUTOS = YES;
				GCC_WARN_UNUSED_FUNCTION = YES;
				GCC_WARN_UNUSED_VARIABLE = YES;
				IPHONEOS_DEPLOYMENT_TARGET = 7.0;
				ONLY_ACTIVE_ARCH = YES;
				SDKROOT = iphoneos;
			};
			name = Debug;
		};
		F8B4AD381860A41400C30785 /* Release */ = {
			isa = XCBuildConfiguration;
			buildSettings = {
				ALWAYS_SEARCH_USER_PATHS = NO;
				ARCHS = "$(ARCHS_STANDARD_INCLUDING_64_BIT)";
				CLANG_CXX_LANGUAGE_STANDARD = "gnu++0x";
				CLANG_CXX_LIBRARY = "libc++";
				CLANG_ENABLE_MODULES = YES;
				CLANG_ENABLE_OBJC_ARC = YES;
				CLANG_WARN_BOOL_CONVERSION = YES;
				CLANG_WARN_CONSTANT_CONVERSION = YES;
				CLANG_WARN_DIRECT_OBJC_ISA_USAGE = YES_ERROR;
				CLANG_WARN_EMPTY_BODY = YES;
				CLANG_WARN_ENUM_CONVERSION = YES;
				CLANG_WARN_INT_CONVERSION = YES;
				CLANG_WARN_OBJC_ROOT_CLASS = YES_ERROR;
				CLANG_WARN__DUPLICATE_METHOD_MATCH = YES;
				"CODE_SIGN_IDENTITY[sdk=iphoneos*]" = "iPhone Developer";
				COPY_PHASE_STRIP = YES;
				ENABLE_NS_ASSERTIONS = NO;
				GCC_C_LANGUAGE_STANDARD = gnu99;
				GCC_WARN_64_TO_32_BIT_CONVERSION = YES;
				GCC_WARN_ABOUT_RETURN_TYPE = YES_ERROR;
				GCC_WARN_UNDECLARED_SELECTOR = YES;
				GCC_WARN_UNINITIALIZED_AUTOS = YES;
				GCC_WARN_UNUSED_FUNCTION = YES;
				GCC_WARN_UNUSED_VARIABLE = YES;
				IPHONEOS_DEPLOYMENT_TARGET = 7.0;
				SDKROOT = iphoneos;
				VALIDATE_PRODUCT = YES;
			};
			name = Release;
		};
		F8B4AD3A1860A41400C30785 /* Debug */ = {
			isa = XCBuildConfiguration;
			buildSettings = {
				ASSETCATALOG_COMPILER_APPICON_NAME = AppIcon;
				ASSETCATALOG_COMPILER_LAUNCHIMAGE_NAME = LaunchImage;
				GCC_PRECOMPILE_PREFIX_HEADER = YES;
				GCC_PREFIX_HEADER = "FlyAway/FlyAway-Prefix.pch";
				INFOPLIST_FILE = "FlyAway/FlyAway-Info.plist";
				IPHONEOS_DEPLOYMENT_TARGET = 7.0;
				PRODUCT_NAME = "$(TARGET_NAME)";
				TARGETED_DEVICE_FAMILY = 1;
				WRAPPER_EXTENSION = app;
			};
			name = Debug;
		};
		F8B4AD3B1860A41400C30785 /* Release */ = {
			isa = XCBuildConfiguration;
			buildSettings = {
				ASSETCATALOG_COMPILER_APPICON_NAME = AppIcon;
				ASSETCATALOG_COMPILER_LAUNCHIMAGE_NAME = LaunchImage;
				GCC_PRECOMPILE_PREFIX_HEADER = YES;
				GCC_PREFIX_HEADER = "FlyAway/FlyAway-Prefix.pch";
				INFOPLIST_FILE = "FlyAway/FlyAway-Info.plist";
				IPHONEOS_DEPLOYMENT_TARGET = 7.0;
				PRODUCT_NAME = "$(TARGET_NAME)";
				TARGETED_DEVICE_FAMILY = 1;
				WRAPPER_EXTENSION = app;
			};
			name = Release;
		};
		F8B4AD3D1860A41400C30785 /* Debug */ = {
			isa = XCBuildConfiguration;
			buildSettings = {
				ARCHS = "$(ARCHS_STANDARD_INCLUDING_64_BIT)";
				BUNDLE_LOADER = "$(BUILT_PRODUCTS_DIR)/FlyAway.app/FlyAway";
				FRAMEWORK_SEARCH_PATHS = (
					"$(SDKROOT)/Developer/Library/Frameworks",
					"$(inherited)",
					"$(DEVELOPER_FRAMEWORKS_DIR)",
				);
				GCC_PRECOMPILE_PREFIX_HEADER = YES;
				GCC_PREFIX_HEADER = "FlyAway/FlyAway-Prefix.pch";
				GCC_PREPROCESSOR_DEFINITIONS = (
					"DEBUG=1",
					"$(inherited)",
				);
				INFOPLIST_FILE = "FlyAwayTests/FlyAwayTests-Info.plist";
				PRODUCT_NAME = "$(TARGET_NAME)";
				TEST_HOST = "$(BUNDLE_LOADER)";
				WRAPPER_EXTENSION = xctest;
			};
			name = Debug;
		};
		F8B4AD3E1860A41400C30785 /* Release */ = {
			isa = XCBuildConfiguration;
			buildSettings = {
				ARCHS = "$(ARCHS_STANDARD_INCLUDING_64_BIT)";
				BUNDLE_LOADER = "$(BUILT_PRODUCTS_DIR)/FlyAway.app/FlyAway";
				FRAMEWORK_SEARCH_PATHS = (
					"$(SDKROOT)/Developer/Library/Frameworks",
					"$(inherited)",
					"$(DEVELOPER_FRAMEWORKS_DIR)",
				);
				GCC_PRECOMPILE_PREFIX_HEADER = YES;
				GCC_PREFIX_HEADER = "FlyAway/FlyAway-Prefix.pch";
				INFOPLIST_FILE = "FlyAwayTests/FlyAwayTests-Info.plist";
				PRODUCT_NAME = "$(TARGET_NAME)";
				TEST_HOST = "$(BUNDLE_LOADER)";
				WRAPPER_EXTENSION = xctest;
			};
			name = Release;
		};
/* End XCBuildConfiguration section */

/* Begin XCConfigurationList section */
		F8B4AD021860A41400C30785 /* Build configuration list for PBXProject "FlyAway" */ = {
			isa = XCConfigurationList;
			buildConfigurations = (
				F8B4AD371860A41400C30785 /* Debug */,
				F8B4AD381860A41400C30785 /* Release */,
			);
			defaultConfigurationIsVisible = 0;
			defaultConfigurationName = Release;
		};
		F8B4AD391860A41400C30785 /* Build configuration list for PBXNativeTarget "FlyAway" */ = {
			isa = XCConfigurationList;
			buildConfigurations = (
				F8B4AD3A1860A41400C30785 /* Debug */,
				F8B4AD3B1860A41400C30785 /* Release */,
			);
			defaultConfigurationIsVisible = 0;
			defaultConfigurationName = Release;
		};
		F8B4AD3C1860A41400C30785 /* Build configuration list for PBXNativeTarget "FlyAwayTests" */ = {
			isa = XCConfigurationList;
			buildConfigurations = (
				F8B4AD3D1860A41400C30785 /* Debug */,
				F8B4AD3E1860A41400C30785 /* Release */,
			);
			defaultConfigurationIsVisible = 0;
			defaultConfigurationName = Release;
		};
/* End XCConfigurationList section */
	};
	rootObject = F8B4ACFF1860A41400C30785 /* Project object */;
}
